
Microsoft Visual Studio Solution File, Format Version 12.00
# Visual Studio Version 16
VisualStudioVersion = 16.0.31911.196
MinimumVisualStudioVersion = 10.0.40219.1
Project("{FAE04EC0-301F-11D3-BF4B-00C04F79EFBC}") = "TiffConverter", "TiffConverter.csproj", "{DD2087BD-E222-4FA3-AA47-77F45CBD7FE3}"
EndProject
Global
	GlobalSection(SolutionConfigurationPlatforms) = preSolution
		Debug|Any CPU = Debug|Any CPU
		Release|Any CPU = Release|Any CPU
	EndGlobalSection
	GlobalSection(ProjectConfigurationPlatforms) = postSolution
		{DD2087BD-E222-4FA3-AA47-77F45CBD7FE3}.Debug|Any CPU.ActiveCfg = Debug|Any CPU
		{DD2087BD-E222-4FA3-AA47-77F45CBD7FE3}.Debug|Any CPU.Build.0 = Debug|Any CPU
		{DD2087BD-E222-4FA3-AA47-77F45CBD7FE3}.Release|Any CPU.ActiveCfg = Release|Any CPU
		{DD2087BD-E222-4FA3-AA47-77F45CBD7FE3}.Release|Any CPU.Build.0 = Release|Any CPU
	EndGlobalSection
	GlobalSection(SolutionProperties) = preSolution
		HideSolutionNode = FALSE
	EndGlobalSection
	GlobalSection(ExtensibilityGlobals) = postSolution
		SolutionGuid = {21941FA2-26BC-4CC9-A4D0-AFC69A77FCB6}
	EndGlobalSection
EndGlobal
